// !$*UTF8*$!
{
	archiveVersion = 1;
	classes = {
	};
	objectVersion = 46;
	objects = {

/* Begin PBXBuildFile section */
		1E7E5A8E196E7FDE002D33A6 /* Foundation.framework in Frameworks */ = {isa = PBXBuildFile; fileRef = 1E7E5A8D196E7FDE002D33A6 /* Foundation.framework */; };
		1E7E5A90196E7FDE002D33A6 /* CoreGraphics.framework in Frameworks */ = {isa = PBXBuildFile; fileRef = 1E7E5A8F196E7FDE002D33A6 /* CoreGraphics.framework */; };
		1E7E5A92196E7FDE002D33A6 /* UIKit.framework in Frameworks */ = {isa = PBXBuildFile; fileRef = 1E7E5A91196E7FDE002D33A6 /* UIKit.framework */; };
		1E7E5A98196E7FDE002D33A6 /* InfoPlist.strings in Resources */ = {isa = PBXBuildFile; fileRef = 1E7E5A96196E7FDE002D33A6 /* InfoPlist.strings */; };
		1E7E5A9A196E7FDE002D33A6 /* main.m in Sources */ = {isa = PBXBuildFile; fileRef = 1E7E5A99196E7FDE002D33A6 /* main.m */; };
		1E7E5A9E196E7FDE002D33A6 /* abcAppDelegate.m in Sources */ = {isa = PBXBuildFile; fileRef = 1E7E5A9D196E7FDE002D33A6 /* abcAppDelegate.m */; };
		1E7E5AA1196E7FDE002D33A6 /* Main.storyboard in Resources */ = {isa = PBXBuildFile; fileRef = 1E7E5A9F196E7FDE002D33A6 /* Main.storyboard */; };
		1E7E5AA4196E7FDE002D33A6 /* abcFirstViewController.m in Sources */ = {isa = PBXBuildFile; fileRef = 1E7E5AA3196E7FDE002D33A6 /* abcFirstViewController.m */; };
		1E7E5AA7196E7FDE002D33A6 /* abcSecondViewController.m in Sources */ = {isa = PBXBuildFile; fileRef = 1E7E5AA6196E7FDE002D33A6 /* abcSecondViewController.m */; };
		1E7E5AA9196E7FDE002D33A6 /* Images.xcassets in Resources */ = {isa = PBXBuildFile; fileRef = 1E7E5AA8196E7FDE002D33A6 /* Images.xcassets */; };
		1E7E5AB0196E7FDE002D33A6 /* XCTest.framework in Frameworks */ = {isa = PBXBuildFile; fileRef = 1E7E5AAF196E7FDE002D33A6 /* XCTest.framework */; };
		1E7E5AB1196E7FDE002D33A6 /* Foundation.framework in Frameworks */ = {isa = PBXBuildFile; fileRef = 1E7E5A8D196E7FDE002D33A6 /* Foundation.framework */; };
		1E7E5AB2196E7FDE002D33A6 /* UIKit.framework in Frameworks */ = {isa = PBXBuildFile; fileRef = 1E7E5A91196E7FDE002D33A6 /* UIKit.framework */; };
		1E7E5ABA196E7FDE002D33A6 /* InfoPlist.strings in Resources */ = {isa = PBXBuildFile; fileRef = 1E7E5AB8196E7FDE002D33A6 /* InfoPlist.strings */; };
		1E7E5ABC196E7FDE002D33A6 /* DeviceTests.m in Sources */ = {isa = PBXBuildFile; fileRef = 1E7E5ABB196E7FDE002D33A6 /* DeviceTests.m */; };
/* End PBXBuildFile section */

/* Begin PBXContainerItemProxy section */
		1E7E5AB3196E7FDE002D33A6 /* PBXContainerItemProxy */ = {
			isa = PBXContainerItemProxy;
			containerPortal = 1E7E5A82196E7FDE002D33A6 /* Project object */;
			proxyType = 1;
			remoteGlobalIDString = 1E7E5A89196E7FDE002D33A6;
			remoteInfo = Device;
		};
/* End PBXContainerItemProxy section */

/* Begin PBXFileReference section */
		1E7E5A8A196E7FDE002D33A6 /* Device.app */ = {isa = PBXFileReference; explicitFileType = wrapper.application; includeInIndex = 0; path = Device.app; sourceTree = BUILT_PRODUCTS_DIR; };
		1E7E5A8D196E7FDE002D33A6 /* Foundation.framework */ = {isa = PBXFileReference; lastKnownFileType = wrapper.framework; name = Foundation.framework; path = System/Library/Frameworks/Foundation.framework; sourceTree = SDKROOT; };
		1E7E5A8F196E7FDE002D33A6 /* CoreGraphics.framework */ = {isa = PBXFileReference; lastKnownFileType = wrapper.framework; name = CoreGraphics.framework; path = System/Library/Frameworks/CoreGraphics.framework; sourceTree = SDKROOT; };
		1E7E5A91196E7FDE002D33A6 /* UIKit.framework */ = {isa = PBXFileReference; lastKnownFileType = wrapper.framework; name = UIKit.framework; path = System/Library/Frameworks/UIKit.framework; sourceTree = SDKROOT; };
		1E7E5A95196E7FDE002D33A6 /* Device-Info.plist */ = {isa = PBXFileReference; lastKnownFileType = text.plist.xml; path = "Device-Info.plist"; sourceTree = "<group>"; };
		1E7E5A97196E7FDE002D33A6 /* en */ = {isa = PBXFileReference; lastKnownFileType = text.plist.strings; name = en; path = en.lproj/InfoPlist.strings; sourceTree = "<group>"; };
		1E7E5A99196E7FDE002D33A6 /* main.m */ = {isa = PBXFileReference; lastKnownFileType = sourcecode.c.objc; path = main.m; sourceTree = "<group>"; };
		1E7E5A9B196E7FDE002D33A6 /* Device-Prefix.pch */ = {isa = PBXFileReference; lastKnownFileType = sourcecode.c.h; path = "Device-Prefix.pch"; sourceTree = "<group>"; };
		1E7E5A9C196E7FDE002D33A6 /* abcAppDelegate.h */ = {isa = PBXFileReference; lastKnownFileType = sourcecode.c.h; path = abcAppDelegate.h; sourceTree = "<group>"; };
		1E7E5A9D196E7FDE002D33A6 /* abcAppDelegate.m */ = {isa = PBXFileReference; lastKnownFileType = sourcecode.c.objc; path = abcAppDelegate.m; sourceTree = "<group>"; };
		1E7E5AA0196E7FDE002D33A6 /* Base */ = {isa = PBXFileReference; lastKnownFileType = file.storyboard; name = Base; path = Base.lproj/Main.storyboard; sourceTree = "<group>"; };
		1E7E5AA2196E7FDE002D33A6 /* abcFirstViewController.h */ = {isa = PBXFileReference; lastKnownFileType = sourcecode.c.h; path = abcFirstViewController.h; sourceTree = "<group>"; };
		1E7E5AA3196E7FDE002D33A6 /* abcFirstViewController.m */ = {isa = PBXFileReference; lastKnownFileType = sourcecode.c.objc; path = abcFirstViewController.m; sourceTree = "<group>"; };
		1E7E5AA5196E7FDE002D33A6 /* abcSecondViewController.h */ = {isa = PBXFileReference; lastKnownFileType = sourcecode.c.h; path = abcSecondViewController.h; sourceTree = "<group>"; };
		1E7E5AA6196E7FDE002D33A6 /* abcSecondViewController.m */ = {isa = PBXFileReference; lastKnownFileType = sourcecode.c.objc; path = abcSecondViewController.m; sourceTree = "<group>"; };
		1E7E5AA8196E7FDE002D33A6 /* Images.xcassets */ = {isa = PBXFileReference; lastKnownFileType = folder.assetcatalog; path = Images.xcassets; sourceTree = "<group>"; };
		1E7E5AAE196E7FDE002D33A6 /* DeviceTests.xctest */ = {isa = PBXFileReference; explicitFileType = wrapper.cfbundle; includeInIndex = 0; path = DeviceTests.xctest; sourceTree = BUILT_PRODUCTS_DIR; };
		1E7E5AAF196E7FDE002D33A6 /* XCTest.framework */ = {isa = PBXFileReference; lastKnownFileType = wrapper.framework; name = XCTest.framework; path = Library/Frameworks/XCTest.framework; sourceTree = DEVELOPER_DIR; };
		1E7E5AB7196E7FDE002D33A6 /* DeviceTests-Info.plist */ = {isa = PBXFileReference; lastKnownFileType = text.plist.xml; path = "DeviceTests-Info.plist"; sourceTree = "<group>"; };
		1E7E5AB9196E7FDE002D33A6 /* en */ = {isa = PBXFileReference; lastKnownFileType = text.plist.strings; name = en; path = en.lproj/InfoPlist.strings; sourceTree = "<group>"; };
		1E7E5ABB196E7FDE002D33A6 /* DeviceTests.m */ = {isa = PBXFileReference; lastKnownFileType = sourcecode.c.objc; path = DeviceTests.m; sourceTree = "<group>"; };
/* End PBXFileReference section */

/* Begin PBXFrameworksBuildPhase section */
		1E7E5A87196E7FDE002D33A6 /* Frameworks */ = {
			isa = PBXFrameworksBuildPhase;
			buildActionMask = 2147483647;
			files = (
				1E7E5A90196E7FDE002D33A6 /* CoreGraphics.framework in Frameworks */,
				1E7E5A92196E7FDE002D33A6 /* UIKit.framework in Frameworks */,
				1E7E5A8E196E7FDE002D33A6 /* Foundation.framework in Frameworks */,
			);
			runOnlyForDeploymentPostprocessing = 0;
		};
		1E7E5AAB196E7FDE002D33A6 /* Frameworks */ = {
			isa = PBXFrameworksBuildPhase;
			buildActionMask = 2147483647;
			files = (
				1E7E5AB0196E7FDE002D33A6 /* XCTest.framework in Frameworks */,
				1E7E5AB2196E7FDE002D33A6 /* UIKit.framework in Frameworks */,
				1E7E5AB1196E7FDE002D33A6 /* Foundation.framework in Frameworks */,
			);
			runOnlyForDeploymentPostprocessing = 0;
		};
/* End PBXFrameworksBuildPhase section */

/* Begin PBXGroup section */
		1E7E5A81196E7FDE002D33A6 = {
			isa = PBXGroup;
			children = (
				1E7E5A93196E7FDE002D33A6 /* Device */,
				1E7E5AB5196E7FDE002D33A6 /* DeviceTests */,
				1E7E5A8C196E7FDE002D33A6 /* Frameworks */,
				1E7E5A8B196E7FDE002D33A6 /* Products */,
			);
			sourceTree = "<group>";
		};
		1E7E5A8B196E7FDE002D33A6 /* Products */ = {
			isa = PBXGroup;
			children = (
				1E7E5A8A196E7FDE002D33A6 /* Device.app */,
				1E7E5AAE196E7FDE002D33A6 /* DeviceTests.xctest */,
			);
			name = Products;
			sourceTree = "<group>";
		};
		1E7E5A8C196E7FDE002D33A6 /* Frameworks */ = {
			isa = PBXGroup;
			children = (
				1E7E5A8D196E7FDE002D33A6 /* Foundation.framework */,
				1E7E5A8F196E7FDE002D33A6 /* CoreGraphics.framework */,
				1E7E5A91196E7FDE002D33A6 /* UIKit.framework */,
				1E7E5AAF196E7FDE002D33A6 /* XCTest.framework */,
			);
			name = Frameworks;
			sourceTree = "<group>";
		};
		1E7E5A93196E7FDE002D33A6 /* Device */ = {
			isa = PBXGroup;
			children = (
				1E7E5A9C196E7FDE002D33A6 /* abcAppDelegate.h */,
				1E7E5A9D196E7FDE002D33A6 /* abcAppDelegate.m */,
				1E7E5A9F196E7FDE002D33A6 /* Main.storyboard */,
				1E7E5AA2196E7FDE002D33A6 /* abcFirstViewController.h */,
				1E7E5AA3196E7FDE002D33A6 /* abcFirstViewController.m */,
				1E7E5AA5196E7FDE002D33A6 /* abcSecondViewController.h */,
				1E7E5AA6196E7FDE002D33A6 /* abcSecondViewController.m */,
				1E7E5AA8196E7FDE002D33A6 /* Images.xcassets */,
				1E7E5A94196E7FDE002D33A6 /* Supporting Files */,
			);
			path = Device;
			sourceTree = "<group>";
		};
		1E7E5A94196E7FDE002D33A6 /* Supporting Files */ = {
			isa = PBXGroup;
			children = (
				1E7E5A95196E7FDE002D33A6 /* Device-Info.plist */,
				1E7E5A96196E7FDE002D33A6 /* InfoPlist.strings */,
				1E7E5A99196E7FDE002D33A6 /* main.m */,
				1E7E5A9B196E7FDE002D33A6 /* Device-Prefix.pch */,
			);
			name = "Supporting Files";
			sourceTree = "<group>";
		};
		1E7E5AB5196E7FDE002D33A6 /* DeviceTests */ = {
			isa = PBXGroup;
			children = (
				1E7E5ABB196E7FDE002D33A6 /* DeviceTests.m */,
				1E7E5AB6196E7FDE002D33A6 /* Supporting Files */,
			);
			path = DeviceTests;
			sourceTree = "<group>";
		};
		1E7E5AB6196E7FDE002D33A6 /* Supporting Files */ = {
			isa = PBXGroup;
			children = (
				1E7E5AB7196E7FDE002D33A6 /* DeviceTests-Info.plist */,
				1E7E5AB8196E7FDE002D33A6 /* InfoPlist.strings */,
			);
			name = "Supporting Files";
			sourceTree = "<group>";
		};
/* End PBXGroup section */

/* Begin PBXNativeTarget section */
		1E7E5A89196E7FDE002D33A6 /* Device */ = {
			isa = PBXNativeTarget;
			buildConfigurationList = 1E7E5ABF196E7FDE002D33A6 /* Build configuration list for PBXNativeTarget "Device" */;
			buildPhases = (
				1E7E5A86196E7FDE002D33A6 /* Sources */,
				1E7E5A87196E7FDE002D33A6 /* Frameworks */,
				1E7E5A88196E7FDE002D33A6 /* Resources */,
			);
			buildRules = (
			);
			dependencies = (
			);
			name = Device;
			productName = Device;
			productReference = 1E7E5A8A196E7FDE002D33A6 /* Device.app */;
			productType = "com.apple.product-type.application";
		};
		1E7E5AAD196E7FDE002D33A6 /* DeviceTests */ = {
			isa = PBXNativeTarget;
			buildConfigurationList = 1E7E5AC2196E7FDE002D33A6 /* Build configuration list for PBXNativeTarget "DeviceTests" */;
			buildPhases = (
				1E7E5AAA196E7FDE002D33A6 /* Sources */,
				1E7E5AAB196E7FDE002D33A6 /* Frameworks */,
				1E7E5AAC196E7FDE002D33A6 /* Resources */,
			);
			buildRules = (
			);
			dependencies = (
				1E7E5AB4196E7FDE002D33A6 /* PBXTargetDependency */,
			);
			name = DeviceTests;
			productName = DeviceTests;
			productReference = 1E7E5AAE196E7FDE002D33A6 /* DeviceTests.xctest */;
			productType = "com.apple.product-type.bundle.unit-test";
		};
/* End PBXNativeTarget section */

/* Begin PBXProject section */
		1E7E5A82196E7FDE002D33A6 /* Project object */ = {
			isa = PBXProject;
			attributes = {
				CLASSPREFIX = abc;
				LastUpgradeCheck = 0510;
				ORGANIZATIONNAME = "___FULLUSERNAME___";
				TargetAttributes = {
					1E7E5AAD196E7FDE002D33A6 = {
						TestTargetID = 1E7E5A89196E7FDE002D33A6;
					};
				};
			};
			buildConfigurationList = 1E7E5A85196E7FDE002D33A6 /* Build configuration list for PBXProject "Device" */;
			compatibilityVersion = "Xcode 3.2";
			developmentRegion = English;
			hasScannedForEncodings = 0;
			knownRegions = (
				en,
				Base,
			);
			mainGroup = 1E7E5A81196E7FDE002D33A6;
			productRefGroup = 1E7E5A8B196E7FDE002D33A6 /* Products */;
			projectDirPath = "";
			projectRoot = "";
			targets = (
				1E7E5A89196E7FDE002D33A6 /* Device */,
				1E7E5AAD196E7FDE002D33A6 /* DeviceTests */,
			);
		};
/* End PBXProject section */

/* Begin PBXResourcesBuildPhase section */
		1E7E5A88196E7FDE002D33A6 /* Resources */ = {
			isa = PBXResourcesBuildPhase;
			buildActionMask = 2147483647;
			files = (
				1E7E5AA9196E7FDE002D33A6 /* Images.xcassets in Resources */,
				1E7E5A98196E7FDE002D33A6 /* InfoPlist.strings in Resources */,
				1E7E5AA1196E7FDE002D33A6 /* Main.storyboard in Resources */,
			);
			runOnlyForDeploymentPostprocessing = 0;
		};
		1E7E5AAC196E7FDE002D33A6 /* Resources */ = {
			isa = PBXResourcesBuildPhase;
			buildActionMask = 2147483647;
			files = (
				1E7E5ABA196E7FDE002D33A6 /* InfoPlist.strings in Resources */,
			);
			runOnlyForDeploymentPostprocessing = 0;
		};
/* End PBXResourcesBuildPhase section */

/* Begin PBXSourcesBuildPhase section */
		1E7E5A86196E7FDE002D33A6 /* Sources */ = {
			isa = PBXSourcesBuildPhase;
			buildActionMask = 2147483647;
			files = (
				1E7E5AA4196E7FDE002D33A6 /* abcFirstViewController.m in Sources */,
				1E7E5AA7196E7FDE002D33A6 /* abcSecondViewController.m in Sources */,
				1E7E5A9A196E7FDE002D33A6 /* main.m in Sources */,
				1E7E5A9E196E7FDE002D33A6 /* abcAppDelegate.m in Sources */,
			);
			runOnlyForDeploymentPostprocessing = 0;
		};
		1E7E5AAA196E7FDE002D33A6 /* Sources */ = {
			isa = PBXSourcesBuildPhase;
			buildActionMask = 2147483647;
			files = (
				1E7E5ABC196E7FDE002D33A6 /* DeviceTests.m in Sources */,
			);
			runOnlyForDeploymentPostprocessing = 0;
		};
/* End PBXSourcesBuildPhase section */

/* Begin PBXTargetDependency section */
		1E7E5AB4196E7FDE002D33A6 /* PBXTargetDependency */ = {
			isa = PBXTargetDependency;
			target = 1E7E5A89196E7FDE002D33A6 /* Device */;
			targetProxy = 1E7E5AB3196E7FDE002D33A6 /* PBXContainerItemProxy */;
		};
/* End PBXTargetDependency section */

/* Begin PBXVariantGroup section */
		1E7E5A96196E7FDE002D33A6 /* InfoPlist.strings */ = {
			isa = PBXVariantGroup;
			children = (
				1E7E5A97196E7FDE002D33A6 /* en */,
			);
			name = InfoPlist.strings;
			sourceTree = "<group>";
		};
		1E7E5A9F196E7FDE002D33A6 /* Main.storyboard */ = {
			isa = PBXVariantGroup;
			children = (
				1E7E5AA0196E7FDE002D33A6 /* Base */,
			);
			name = Main.storyboard;
			sourceTree = "<group>";
		};
		1E7E5AB8196E7FDE002D33A6 /* InfoPlist.strings */ = {
			isa = PBXVariantGroup;
			children = (
				1E7E5AB9196E7FDE002D33A6 /* en */,
			);
			name = InfoPlist.strings;
			sourceTree = "<group>";
		};
/* End PBXVariantGroup section */

/* Begin XCBuildConfiguration section */
		1E7E5ABD196E7FDE002D33A6 /* Debug */ = {
			isa = XCBuildConfiguration;
			buildSettings = {
				ALWAYS_SEARCH_USER_PATHS = NO;
				CLANG_CXX_LANGUAGE_STANDARD = "gnu++0x";
				CLANG_CXX_LIBRARY = "libc++";
				CLANG_ENABLE_MODULES = YES;
				CLANG_ENABLE_OBJC_ARC = YES;
				CLANG_WARN_BOOL_CONVERSION = YES;
				CLANG_WARN_CONSTANT_CONVERSION = YES;
				CLANG_WARN_DIRECT_OBJC_ISA_USAGE = YES_ERROR;
				CLANG_WARN_EMPTY_BODY = YES;
				CLANG_WARN_ENUM_CONVERSION = YES;
				CLANG_WARN_INT_CONVERSION = YES;
				CLANG_WARN_OBJC_ROOT_CLASS = YES_ERROR;
				CLANG_WARN__DUPLICATE_METHOD_MATCH = YES;
				"CODE_SIGN_IDENTITY[sdk=iphoneos*]" = "iPhone Developer";
				COPY_PHASE_STRIP = NO;
				GCC_C_LANGUAGE_STANDARD = gnu99;
				GCC_DYNAMIC_NO_PIC = NO;
				GCC_OPTIMIZATION_LEVEL = 0;
				GCC_PREPROCESSOR_DEFINITIONS = (
					"DEBUG=1",
					"$(inherited)",
				);
				GCC_SYMBOLS_PRIVATE_EXTERN = NO;
				GCC_WARN_64_TO_32_BIT_CONVERSION = YES;
				GCC_WARN_ABOUT_RETURN_TYPE = YES_ERROR;
				GCC_WARN_UNDECLARED_SELECTOR = YES;
				GCC_WARN_UNINITIALIZED_AUTOS = YES_AGGRESSIVE;
				GCC_WARN_UNUSED_FUNCTION = YES;
				GCC_WARN_UNUSED_VARIABLE = YES;
				IPHONEOS_DEPLOYMENT_TARGET = 7.1;
				ONLY_ACTIVE_ARCH = YES;
				SDKROOT = iphoneos;
			};
			name = Debug;
		};
		1E7E5ABE196E7FDE002D33A6 /* Release */ = {
			isa = XCBuildConfiguration;
			buildSettings = {
				ALWAYS_SEARCH_USER_PATHS = NO;
				CLANG_CXX_LANGUAGE_STANDARD = "gnu++0x";
				CLANG_CXX_LIBRARY = "libc++";
				CLANG_ENABLE_MODULES = YES;
				CLANG_ENABLE_OBJC_ARC = YES;
				CLANG_WARN_BOOL_CONVERSION = YES;
				CLANG_WARN_CONSTANT_CONVERSION = YES;
				CLANG_WARN_DIRECT_OBJC_ISA_USAGE = YES_ERROR;
				CLANG_WARN_EMPTY_BODY = YES;
				CLANG_WARN_ENUM_CONVERSION = YES;
				CLANG_WARN_INT_CONVERSION = YES;
				CLANG_WARN_OBJC_ROOT_CLASS = YES_ERROR;
				CLANG_WARN__DUPLICATE_METHOD_MATCH = YES;
				"CODE_SIGN_IDENTITY[sdk=iphoneos*]" = "iPhone Developer";
				COPY_PHASE_STRIP = YES;
				ENABLE_NS_ASSERTIONS = NO;
				GCC_C_LANGUAGE_STANDARD = gnu99;
				GCC_WARN_64_TO_32_BIT_CONVERSION = YES;
				GCC_WARN_ABOUT_RETURN_TYPE = YES_ERROR;
				GCC_WARN_UNDECLARED_SELECTOR = YES;
				GCC_WARN_UNINITIALIZED_AUTOS = YES_AGGRESSIVE;
				GCC_WARN_UNUSED_FUNCTION = YES;
				GCC_WARN_UNUSED_VARIABLE = YES;
				IPHONEOS_DEPLOYMENT_TARGET = 7.1;
				SDKROOT = iphoneos;
				VALIDATE_PRODUCT = YES;
			};
			name = Release;
		};
		1E7E5AC0196E7FDE002D33A6 /* Debug */ = {
			isa = XCBuildConfiguration;
			buildSettings = {
				ASSETCATALOG_COMPILER_APPICON_NAME = AppIcon;
				ASSETCATALOG_COMPILER_LAUNCHIMAGE_NAME = LaunchImage;
				GCC_PRECOMPILE_PREFIX_HEADER = YES;
				GCC_PREFIX_HEADER = "Device/Device-Prefix.pch";
				INFOPLIST_FILE = "Device/Device-Info.plist";
				PRODUCT_NAME = "$(TARGET_NAME)";
				WRAPPER_EXTENSION = app;
			};
			name = Debug;
		};
		1E7E5AC1196E7FDE002D33A6 /* Release */ = {
			isa = XCBuildConfiguration;
			buildSettings = {
				ASSETCATALOG_COMPILER_APPICON_NAME = AppIcon;
				ASSETCATALOG_COMPILER_LAUNCHIMAGE_NAME = LaunchImage;
				GCC_PRECOMPILE_PREFIX_HEADER = YES;
				GCC_PREFIX_HEADER = "Device/Device-Prefix.pch";
				INFOPLIST_FILE = "Device/Device-Info.plist";
				PRODUCT_NAME = "$(TARGET_NAME)";
				WRAPPER_EXTENSION = app;
			};
			name = Release;
		};
		1E7E5AC3196E7FDE002D33A6 /* Debug */ = {
			isa = XCBuildConfiguration;
			buildSettings = {
				BUNDLE_LOADER = "$(BUILT_PRODUCTS_DIR)/Device.app/Device";
				FRAMEWORK_SEARCH_PATHS = (
					"$(SDKROOT)/Developer/Library/Frameworks",
					"$(inherited)",
					"$(DEVELOPER_FRAMEWORKS_DIR)",
				);
				GCC_PRECOMPILE_PREFIX_HEADER = YES;
				GCC_PREFIX_HEADER = "Device/Device-Prefix.pch";
				GCC_PREPROCESSOR_DEFINITIONS = (
					"DEBUG=1",
					"$(inherited)",
				);
				INFOPLIST_FILE = "DeviceTests/DeviceTests-Info.plist";
				PRODUCT_NAME = "$(TARGET_NAME)";
				TEST_HOST = "$(BUNDLE_LOADER)";
				WRAPPER_EXTENSION = xctest;
			};
			name = Debug;
		};
		1E7E5AC4196E7FDE002D33A6 /* Release */ = {
			isa = XCBuildConfiguration;
			buildSettings = {
				BUNDLE_LOADER = "$(BUILT_PRODUCTS_DIR)/Device.app/Device";
				FRAMEWORK_SEARCH_PATHS = (
					"$(SDKROOT)/Developer/Library/Frameworks",
					"$(inherited)",
					"$(DEVELOPER_FRAMEWORKS_DIR)",
				);
				GCC_PRECOMPILE_PREFIX_HEADER = YES;
				GCC_PREFIX_HEADER = "Device/Device-Prefix.pch";
				INFOPLIST_FILE = "DeviceTests/DeviceTests-Info.plist";
				PRODUCT_NAME = "$(TARGET_NAME)";
				TEST_HOST = "$(BUNDLE_LOADER)";
				WRAPPER_EXTENSION = xctest;
			};
			name = Release;
		};
/* End XCBuildConfiguration section */

/* Begin XCConfigurationList section */
		1E7E5A85196E7FDE002D33A6 /* Build configuration list for PBXProject "Device" */ = {
			isa = XCConfigurationList;
			buildConfigurations = (
				1E7E5ABD196E7FDE002D33A6 /* Debug */,
				1E7E5ABE196E7FDE002D33A6 /* Release */,
			);
			defaultConfigurationIsVisible = 0;
			defaultConfigurationName = Release;
		};
		1E7E5ABF196E7FDE002D33A6 /* Build configuration list for PBXNativeTarget "Device" */ = {
			isa = XCConfigurationList;
			buildConfigurations = (
				1E7E5AC0196E7FDE002D33A6 /* Debug */,
				1E7E5AC1196E7FDE002D33A6 /* Release */,
			);
			defaultConfigurationIsVisible = 0;
		};
		1E7E5AC2196E7FDE002D33A6 /* Build configuration list for PBXNativeTarget "DeviceTests" */ = {
			isa = XCConfigurationList;
			buildConfigurations = (
				1E7E5AC3196E7FDE002D33A6 /* Debug */,
				1E7E5AC4196E7FDE002D33A6 /* Release */,
			);
			defaultConfigurationIsVisible = 0;
		};
/* End XCConfigurationList section */
	};
	rootObject = 1E7E5A82196E7FDE002D33A6 /* Project object */;
}
